// !$*UTF8*$!
{
	archiveVersion = 1;
	classes = {
	};
	objectVersion = 56;
	objects = {

/* Begin PBXBuildFile section */
		8616422A2AB5EB8D00F4F9AD /* AppDelegate.swift in Sources */ = {isa = PBXBuildFile; fileRef = 861642292AB5EB8D00F4F9AD /* AppDelegate.swift */; };
		8616422C2AB5EB8D00F4F9AD /* SceneDelegate.swift in Sources */ = {isa = PBXBuildFile; fileRef = 8616422B2AB5EB8D00F4F9AD /* SceneDelegate.swift */; };
		861642312AB5EB8D00F4F9AD /* Main.storyboard in Resources */ = {isa = PBXBuildFile; fileRef = 8616422F2AB5EB8D00F4F9AD /* Main.storyboard */; };
		861642332AB5EB8E00F4F9AD /* Assets.xcassets in Resources */ = {isa = PBXBuildFile; fileRef = 861642322AB5EB8E00F4F9AD /* Assets.xcassets */; };
		861642362AB5EB8E00F4F9AD /* LaunchScreen.storyboard in Resources */ = {isa = PBXBuildFile; fileRef = 861642342AB5EB8E00F4F9AD /* LaunchScreen.storyboard */; };
		8616424A2AB5F18C00F4F9AD /* Product.swift in Sources */ = {isa = PBXBuildFile; fileRef = 861642492AB5F18C00F4F9AD /* Product.swift */; };
		8616424C2AB5F43500F4F9AD /* APIManager.swift in Sources */ = {isa = PBXBuildFile; fileRef = 8616424B2AB5F43500F4F9AD /* APIManager.swift */; };
		8616424E2AB5F79800F4F9AD /* Constant.swift in Sources */ = {isa = PBXBuildFile; fileRef = 8616424D2AB5F79800F4F9AD /* Constant.swift */; };
		861642502AB602CD00F4F9AD /* ProductViewModel.swift in Sources */ = {isa = PBXBuildFile; fileRef = 8616424F2AB602CD00F4F9AD /* ProductViewModel.swift */; };
		861642522AB602ED00F4F9AD /* ProductListViewController.swift in Sources */ = {isa = PBXBuildFile; fileRef = 861642512AB602ED00F4F9AD /* ProductListViewController.swift */; };
		861642552AB60E5B00F4F9AD /* ProductTableViewCell.swift in Sources */ = {isa = PBXBuildFile; fileRef = 861642532AB60E5B00F4F9AD /* ProductTableViewCell.swift */; };
		861642562AB60E5B00F4F9AD /* ProductTableViewCell.xib in Resources */ = {isa = PBXBuildFile; fileRef = 861642542AB60E5B00F4F9AD /* ProductTableViewCell.xib */; };
		861642592AB6297600F4F9AD /* Kingfisher in Frameworks */ = {isa = PBXBuildFile; productRef = 861642582AB6297600F4F9AD /* Kingfisher */; };
		8616425B2AB629B300F4F9AD /* UIImageView + Extension.swift in Sources */ = {isa = PBXBuildFile; fileRef = 8616425A2AB629B300F4F9AD /* UIImageView + Extension.swift */; };
		868E1D902AB6CB5400B8DC14 /* EndPointType.swift in Sources */ = {isa = PBXBuildFile; fileRef = 868E1D8F2AB6CB5400B8DC14 /* EndPointType.swift */; };
		868E1D972AB6EFB200B8DC14 /* AddProduct.swift in Sources */ = {isa = PBXBuildFile; fileRef = 868E1D962AB6EFB200B8DC14 /* AddProduct.swift */; };
/* End PBXBuildFile section */

/* Begin PBXFileReference section */
		861642262AB5EB8D00F4F9AD /* ProductList.app */ = {isa = PBXFileReference; explicitFileType = wrapper.application; includeInIndex = 0; path = ProductList.app; sourceTree = BUILT_PRODUCTS_DIR; };
		861642292AB5EB8D00F4F9AD /* AppDelegate.swift */ = {isa = PBXFileReference; lastKnownFileType = sourcecode.swift; path = AppDelegate.swift; sourceTree = "<group>"; };
		8616422B2AB5EB8D00F4F9AD /* SceneDelegate.swift */ = {isa = PBXFileReference; lastKnownFileType = sourcecode.swift; path = SceneDelegate.swift; sourceTree = "<group>"; };
		861642302AB5EB8D00F4F9AD /* Base */ = {isa = PBXFileReference; lastKnownFileType = file.storyboard; name = Base; path = Base.lproj/Main.storyboard; sourceTree = "<group>"; };
		861642322AB5EB8E00F4F9AD /* Assets.xcassets */ = {isa = PBXFileReference; lastKnownFileType = folder.assetcatalog; path = Assets.xcassets; sourceTree = "<group>"; };
		861642352AB5EB8E00F4F9AD /* Base */ = {isa = PBXFileReference; lastKnownFileType = file.storyboard; name = Base; path = Base.lproj/LaunchScreen.storyboard; sourceTree = "<group>"; };
		861642372AB5EB8E00F4F9AD /* Info.plist */ = {isa = PBXFileReference; lastKnownFileType = text.plist.xml; path = Info.plist; sourceTree = "<group>"; };
		861642492AB5F18C00F4F9AD /* Product.swift */ = {isa = PBXFileReference; lastKnownFileType = sourcecode.swift; path = Product.swift; sourceTree = "<group>"; };
		8616424B2AB5F43500F4F9AD /* APIManager.swift */ = {isa = PBXFileReference; lastKnownFileType = sourcecode.swift; path = APIManager.swift; sourceTree = "<group>"; };
		8616424D2AB5F79800F4F9AD /* Constant.swift */ = {isa = PBXFileReference; lastKnownFileType = sourcecode.swift; path = Constant.swift; sourceTree = "<group>"; };
		8616424F2AB602CD00F4F9AD /* ProductViewModel.swift */ = {isa = PBXFileReference; lastKnownFileType = sourcecode.swift; path = ProductViewModel.swift; sourceTree = "<group>"; };
		861642512AB602ED00F4F9AD /* ProductListViewController.swift */ = {isa = PBXFileReference; lastKnownFileType = sourcecode.swift; path = ProductListViewController.swift; sourceTree = "<group>"; };
		861642532AB60E5B00F4F9AD /* ProductTableViewCell.swift */ = {isa = PBXFileReference; lastKnownFileType = sourcecode.swift; path = ProductTableViewCell.swift; sourceTree = "<group>"; };
		861642542AB60E5B00F4F9AD /* ProductTableViewCell.xib */ = {isa = PBXFileReference; lastKnownFileType = file.xib; path = ProductTableViewCell.xib; sourceTree = "<group>"; };
		8616425A2AB629B300F4F9AD /* UIImageView + Extension.swift */ = {isa = PBXFileReference; lastKnownFileType = sourcecode.swift; path = "UIImageView + Extension.swift"; sourceTree = "<group>"; };
		868E1D8F2AB6CB5400B8DC14 /* EndPointType.swift */ = {isa = PBXFileReference; lastKnownFileType = sourcecode.swift; path = EndPointType.swift; sourceTree = "<group>"; };
		868E1D962AB6EFB200B8DC14 /* AddProduct.swift */ = {isa = PBXFileReference; fileEncoding = 4; lastKnownFileType = sourcecode.swift; path = AddProduct.swift; sourceTree = "<group>"; };
/* End PBXFileReference section */

/* Begin PBXFrameworksBuildPhase section */
		861642232AB5EB8D00F4F9AD /* Frameworks */ = {
			isa = PBXFrameworksBuildPhase;
			buildActionMask = 2147483647;
			files = (
				861642592AB6297600F4F9AD /* Kingfisher in Frameworks */,
			);
			runOnlyForDeploymentPostprocessing = 0;
		};
/* End PBXFrameworksBuildPhase section */

/* Begin PBXGroup section */
		8616421D2AB5EB8D00F4F9AD = {
			isa = PBXGroup;
			children = (
				861642282AB5EB8D00F4F9AD /* ProductList */,
				861642272AB5EB8D00F4F9AD /* Products */,
			);
			sourceTree = "<group>";
		};
		861642272AB5EB8D00F4F9AD /* Products */ = {
			isa = PBXGroup;
			children = (
				861642262AB5EB8D00F4F9AD /* ProductList.app */,
			);
			name = Products;
			sourceTree = "<group>";
		};
		861642282AB5EB8D00F4F9AD /* ProductList */ = {
			isa = PBXGroup;
			children = (
				861642422AB5EF4900F4F9AD /* Application */,
				861642402AB5EF4500F4F9AD /* Constants */,
				861642412AB5EF4700F4F9AD /* Extensions */,
				8616423F2AB5EF4300F4F9AD /* Helpers */,
				8616423E2AB5EF4000F4F9AD /* Screens */,
				8616423D2AB5EF3D00F4F9AD /* Storyboard */,
				861642432AB5EFC900F4F9AD /* Resources */,
				861642372AB5EB8E00F4F9AD /* Info.plist */,
			);
			path = ProductList;
			sourceTree = "<group>";
		};
		8616423D2AB5EF3D00F4F9AD /* Storyboard */ = {
			isa = PBXGroup;
			children = (
				8616422F2AB5EB8D00F4F9AD /* Main.storyboard */,
				861642342AB5EB8E00F4F9AD /* LaunchScreen.storyboard */,
			);
			path = Storyboard;
			sourceTree = "<group>";
		};
		8616423E2AB5EF4000F4F9AD /* Screens */ = {
			isa = PBXGroup;
			children = (
				861642442AB5F01200F4F9AD /* Product */,
			);
			path = Screens;
			sourceTree = "<group>";
		};
		8616423F2AB5EF4300F4F9AD /* Helpers */ = {
			isa = PBXGroup;
			children = (
				8616424B2AB5F43500F4F9AD /* APIManager.swift */,
				868E1D8F2AB6CB5400B8DC14 /* EndPointType.swift */,
			);
			path = Helpers;
			sourceTree = "<group>";
		};
		861642402AB5EF4500F4F9AD /* Constants */ = {
			isa = PBXGroup;
			children = (
				8616424D2AB5F79800F4F9AD /* Constant.swift */,
			);
			path = Constants;
			sourceTree = "<group>";
		};
		861642412AB5EF4700F4F9AD /* Extensions */ = {
			isa = PBXGroup;
			children = (
				8616425A2AB629B300F4F9AD /* UIImageView + Extension.swift */,
			);
			path = Extensions;
			sourceTree = "<group>";
		};
		861642422AB5EF4900F4F9AD /* Application */ = {
			isa = PBXGroup;
			children = (
				8616422B2AB5EB8D00F4F9AD /* SceneDelegate.swift */,
				861642292AB5EB8D00F4F9AD /* AppDelegate.swift */,
			);
			path = Application;
			sourceTree = "<group>";
		};
		861642432AB5EFC900F4F9AD /* Resources */ = {
			isa = PBXGroup;
			children = (
				861642322AB5EB8E00F4F9AD /* Assets.xcassets */,
			);
			path = Resources;
			sourceTree = "<group>";
		};
		861642442AB5F01200F4F9AD /* Product */ = {
			isa = PBXGroup;
			children = (
				861642482AB5F02D00F4F9AD /* Model */,
				861642472AB5F02B00F4F9AD /* View */,
				861642462AB5F02900F4F9AD /* ViewModel */,
			);
			path = Product;
			sourceTree = "<group>";
		};
		861642462AB5F02900F4F9AD /* ViewModel */ = {
			isa = PBXGroup;
			children = (
				8616424F2AB602CD00F4F9AD /* ProductViewModel.swift */,
			);
			path = ViewModel;
			sourceTree = "<group>";
		};
		861642472AB5F02B00F4F9AD /* View */ = {
			isa = PBXGroup;
			children = (
				861642512AB602ED00F4F9AD /* ProductListViewController.swift */,
				861642532AB60E5B00F4F9AD /* ProductTableViewCell.swift */,
				861642542AB60E5B00F4F9AD /* ProductTableViewCell.xib */,
			);
			path = View;
			sourceTree = "<group>";
		};
		861642482AB5F02D00F4F9AD /* Model */ = {
			isa = PBXGroup;
			children = (
				868E1D962AB6EFB200B8DC14 /* AddProduct.swift */,
				861642492AB5F18C00F4F9AD /* Product.swift */,
			);
			path = Model;
			sourceTree = "<group>";
		};
/* End PBXGroup section */

/* Begin PBXNativeTarget section */
		861642252AB5EB8D00F4F9AD /* ProductList */ = {
			isa = PBXNativeTarget;
			buildConfigurationList = 8616423A2AB5EB8E00F4F9AD /* Build configuration list for PBXNativeTarget "ProductList" */;
			buildPhases = (
				861642222AB5EB8D00F4F9AD /* Sources */,
				861642232AB5EB8D00F4F9AD /* Frameworks */,
				861642242AB5EB8D00F4F9AD /* Resources */,
			);
			buildRules = (
			);
			dependencies = (
			);
			name = ProductList;
			packageProductDependencies = (
				861642582AB6297600F4F9AD /* Kingfisher */,
			);
			productName = ProductList;
			productReference = 861642262AB5EB8D00F4F9AD /* ProductList.app */;
			productType = "com.apple.product-type.application";
		};
/* End PBXNativeTarget section */

/* Begin PBXProject section */
		8616421E2AB5EB8D00F4F9AD /* Project object */ = {
			isa = PBXProject;
			attributes = {
				BuildIndependentTargetsInParallel = 1;
				LastSwiftUpdateCheck = 1430;
				LastUpgradeCheck = 1430;
				TargetAttributes = {
					861642252AB5EB8D00F4F9AD = {
						CreatedOnToolsVersion = 14.3.1;
					};
				};
			};
			buildConfigurationList = 861642212AB5EB8D00F4F9AD /* Build configuration list for PBXProject "ProductList" */;
			compatibilityVersion = "Xcode 14.0";
			developmentRegion = en;
			hasScannedForEncodings = 0;
			knownRegions = (
				en,
				Base,
			);
			mainGroup = 8616421D2AB5EB8D00F4F9AD;
			packageReferences = (
				861642572AB6297600F4F9AD /* XCRemoteSwiftPackageReference "Kingfisher" */,
			);
			productRefGroup = 861642272AB5EB8D00F4F9AD /* Products */;
			projectDirPath = "";
			projectRoot = "";
			targets = (
				861642252AB5EB8D00F4F9AD /* ProductList */,
			);
		};
/* End PBXProject section */

/* Begin PBXResourcesBuildPhase section */
		861642242AB5EB8D00F4F9AD /* Resources */ = {
			isa = PBXResourcesBuildPhase;
			buildActionMask = 2147483647;
			files = (
				861642362AB5EB8E00F4F9AD /* LaunchScreen.storyboard in Resources */,
				861642562AB60E5B00F4F9AD /* ProductTableViewCell.xib in Resources */,
				861642332AB5EB8E00F4F9AD /* Assets.xcassets in Resources */,
				861642312AB5EB8D00F4F9AD /* Main.storyboard in Resources */,
			);
			runOnlyForDeploymentPostprocessing = 0;
		};
/* End PBXResourcesBuildPhase section */

/* Begin PBXSourcesBuildPhase section */
		861642222AB5EB8D00F4F9AD /* Sources */ = {
			isa = PBXSourcesBuildPhase;
			buildActionMask = 2147483647;
			files = (
				8616425B2AB629B300F4F9AD /* UIImageView + Extension.swift in Sources */,
				8616424C2AB5F43500F4F9AD /* APIManager.swift in Sources */,
				861642552AB60E5B00F4F9AD /* ProductTableViewCell.swift in Sources */,
				8616422A2AB5EB8D00F4F9AD /* AppDelegate.swift in Sources */,
				861642522AB602ED00F4F9AD /* ProductListViewController.swift in Sources */,
				861642502AB602CD00F4F9AD /* ProductViewModel.swift in Sources */,
				8616424E2AB5F79800F4F9AD /* Constant.swift in Sources */,
				8616422C2AB5EB8D00F4F9AD /* SceneDelegate.swift in Sources */,
				868E1D972AB6EFB200B8DC14 /* AddProduct.swift in Sources */,
				868E1D902AB6CB5400B8DC14 /* EndPointType.swift in Sources */,
				8616424A2AB5F18C00F4F9AD /* Product.swift in Sources */,
			);
			runOnlyForDeploymentPostprocessing = 0;
		};
/* End PBXSourcesBuildPhase section */

/* Begin PBXVariantGroup section */
		8616422F2AB5EB8D00F4F9AD /* Main.storyboard */ = {
			isa = PBXVariantGroup;
			children = (
				861642302AB5EB8D00F4F9AD /* Base */,
			);
			name = Main.storyboard;
			sourceTree = "<group>";
		};
		861642342AB5EB8E00F4F9AD /* LaunchScreen.storyboard */ = {
			isa = PBXVariantGroup;
			children = (
				861642352AB5EB8E00F4F9AD /* Base */,
			);
			name = LaunchScreen.storyboard;
			sourceTree = "<group>";
		};
/* End PBXVariantGroup section */

/* Begin XCBuildConfiguration section */
		861642382AB5EB8E00F4F9AD /* Debug */ = {
			isa = XCBuildConfiguration;
			buildSettings = {
				ALWAYS_SEARCH_USER_PATHS = NO;
				CLANG_ANALYZER_NONNULL = YES;
				CLANG_ANALYZER_NUMBER_OBJECT_CONVERSION = YES_AGGRESSIVE;
				CLANG_CXX_LANGUAGE_STANDARD = "gnu++20";
				CLANG_ENABLE_MODULES = YES;
				CLANG_ENABLE_OBJC_ARC = YES;
				CLANG_ENABLE_OBJC_WEAK = YES;
				CLANG_WARN_BLOCK_CAPTURE_AUTORELEASING = YES;
				CLANG_WARN_BOOL_CONVERSION = YES;
				CLANG_WARN_COMMA = YES;
				CLANG_WARN_CONSTANT_CONVERSION = YES;
				CLANG_WARN_DEPRECATED_OBJC_IMPLEMENTATIONS = YES;
				CLANG_WARN_DIRECT_OBJC_ISA_USAGE = YES_ERROR;
				CLANG_WARN_DOCUMENTATION_COMMENTS = YES;
				CLANG_WARN_EMPTY_BODY = YES;
				CLANG_WARN_ENUM_CONVERSION = YES;
				CLANG_WARN_INFINITE_RECURSION = YES;
				CLANG_WARN_INT_CONVERSION = YES;
				CLANG_WARN_NON_LITERAL_NULL_CONVERSION = YES;
				CLANG_WARN_OBJC_IMPLICIT_RETAIN_SELF = YES;
				CLANG_WARN_OBJC_LITERAL_CONVERSION = YES;
				CLANG_WARN_OBJC_ROOT_CLASS = YES_ERROR;
				CLANG_WARN_QUOTED_INCLUDE_IN_FRAMEWORK_HEADER = YES;
				CLANG_WARN_RANGE_LOOP_ANALYSIS = YES;
				CLANG_WARN_STRICT_PROTOTYPES = YES;
				CLANG_WARN_SUSPICIOUS_MOVE = YES;
				CLANG_WARN_UNGUARDED_AVAILABILITY = YES_AGGRESSIVE;
				CLANG_WARN_UNREACHABLE_CODE = YES;
				CLANG_WARN__DUPLICATE_METHOD_MATCH = YES;
				COPY_PHASE_STRIP = NO;
				DEBUG_INFORMATION_FORMAT = dwarf;
				ENABLE_STRICT_OBJC_MSGSEND = YES;
				ENABLE_TESTABILITY = YES;
				GCC_C_LANGUAGE_STANDARD = gnu11;
				GCC_DYNAMIC_NO_PIC = NO;
				GCC_NO_COMMON_BLOCKS = YES;
				GCC_OPTIMIZATION_LEVEL = 0;
				GCC_PREPROCESSOR_DEFINITIONS = (
					"DEBUG=1",
					"$(inherited)",
				);
				GCC_WARN_64_TO_32_BIT_CONVERSION = YES;
				GCC_WARN_ABOUT_RETURN_TYPE = YES_ERROR;
				GCC_WARN_UNDECLARED_SELECTOR = YES;
				GCC_WARN_UNINITIALIZED_AUTOS = YES_AGGRESSIVE;
				GCC_WARN_UNUSED_FUNCTION = YES;
				GCC_WARN_UNUSED_VARIABLE = YES;
				IPHONEOS_DEPLOYMENT_TARGET = 16.4;
				MTL_ENABLE_DEBUG_INFO = INCLUDE_SOURCE;
				MTL_FAST_MATH = YES;
				ONLY_ACTIVE_ARCH = YES;
				SDKROOT = iphoneos;
				SWIFT_ACTIVE_COMPILATION_CONDITIONS = DEBUG;
				SWIFT_OPTIMIZATION_LEVEL = "-Onone";
			};
			name = Debug;
		};
		861642392AB5EB8E00F4F9AD /* Release */ = {
			isa = XCBuildConfiguration;
			buildSettings = {
				ALWAYS_SEARCH_USER_PATHS = NO;
				CLANG_ANALYZER_NONNULL = YES;
				CLANG_ANALYZER_NUMBER_OBJECT_CONVERSION = YES_AGGRESSIVE;
				CLANG_CXX_LANGUAGE_STANDARD = "gnu++20";
				CLANG_ENABLE_MODULES = YES;
				CLANG_ENABLE_OBJC_ARC = YES;
				CLANG_ENABLE_OBJC_WEAK = YES;
				CLANG_WARN_BLOCK_CAPTURE_AUTORELEASING = YES;
				CLANG_WARN_BOOL_CONVERSION = YES;
				CLANG_WARN_COMMA = YES;
				CLANG_WARN_CONSTANT_CONVERSION = YES;
				CLANG_WARN_DEPRECATED_OBJC_IMPLEMENTATIONS = YES;
				CLANG_WARN_DIRECT_OBJC_ISA_USAGE = YES_ERROR;
				CLANG_WARN_DOCUMENTATION_COMMENTS = YES;
				CLANG_WARN_EMPTY_BODY = YES;
				CLANG_WARN_ENUM_CONVERSION = YES;
				CLANG_WARN_INFINITE_RECURSION = YES;
				CLANG_WARN_INT_CONVERSION = YES;
				CLANG_WARN_NON_LITERAL_NULL_CONVERSION = YES;
				CLANG_WARN_OBJC_IMPLICIT_RETAIN_SELF = YES;
				CLANG_WARN_OBJC_LITERAL_CONVERSION = YES;
				CLANG_WARN_OBJC_ROOT_CLASS = YES_ERROR;
				CLANG_WARN_QUOTED_INCLUDE_IN_FRAMEWORK_HEADER = YES;
				CLANG_WARN_RANGE_LOOP_ANALYSIS = YES;
				CLANG_WARN_STRICT_PROTOTYPES = YES;
				CLANG_WARN_SUSPICIOUS_MOVE = YES;
				CLANG_WARN_UNGUARDED_AVAILABILITY = YES_AGGRESSIVE;
				CLANG_WARN_UNREACHABLE_CODE = YES;
				CLANG_WARN__DUPLICATE_METHOD_MATCH = YES;
				COPY_PHASE_STRIP = NO;
				DEBUG_INFORMATION_FORMAT = "dwarf-with-dsym";
				ENABLE_NS_ASSERTIONS = NO;
				ENABLE_STRICT_OBJC_MSGSEND = YES;
				GCC_C_LANGUAGE_STANDARD = gnu11;
				GCC_NO_COMMON_BLOCKS = YES;
				GCC_WARN_64_TO_32_BIT_CONVERSION = YES;
				GCC_WARN_ABOUT_RETURN_TYPE = YES_ERROR;
				GCC_WARN_UNDECLARED_SELECTOR = YES;
				GCC_WARN_UNINITIALIZED_AUTOS = YES_AGGRESSIVE;
				GCC_WARN_UNUSED_FUNCTION = YES;
				GCC_WARN_UNUSED_VARIABLE = YES;
				IPHONEOS_DEPLOYMENT_TARGET = 16.4;
				MTL_ENABLE_DEBUG_INFO = NO;
				MTL_FAST_MATH = YES;
				SDKROOT = iphoneos;
				SWIFT_COMPILATION_MODE = wholemodule;
				SWIFT_OPTIMIZATION_LEVEL = "-O";
				VALIDATE_PRODUCT = YES;
			};
			name = Release;
		};
		8616423B2AB5EB8E00F4F9AD /* Debug */ = {
			isa = XCBuildConfiguration;
			buildSettings = {
				ASSETCATALOG_COMPILER_APPICON_NAME = AppIcon;
				ASSETCATALOG_COMPILER_GLOBAL_ACCENT_COLOR_NAME = AccentColor;
				CODE_SIGN_STYLE = Automatic;
				CURRENT_PROJECT_VERSION = 1;
				DEVELOPMENT_TEAM = 98GGD2LM74;
				GENERATE_INFOPLIST_FILE = YES;
				INFOPLIST_FILE = ProductList/Info.plist;
				INFOPLIST_KEY_UIApplicationSupportsIndirectInputEvents = YES;
				INFOPLIST_KEY_UILaunchStoryboardName = LaunchScreen;
				INFOPLIST_KEY_UIMainStoryboardFile = Main;
				INFOPLIST_KEY_UISupportedInterfaceOrientations_iPad = "UIInterfaceOrientationPortrait UIInterfaceOrientationPortraitUpsideDown UIInterfaceOrientationLandscapeLeft UIInterfaceOrientationLandscapeRight";
				INFOPLIST_KEY_UISupportedInterfaceOrientations_iPhone = "UIInterfaceOrientationPortrait UIInterfaceOrientationLandscapeLeft UIInterfaceOrientationLandscapeRight";
				LD_RUNPATH_SEARCH_PATHS = (
					"$(inherited)",
					"@executable_path/Frameworks",
				);
				MARKETING_VERSION = 1.0;
				PRODUCT_BUNDLE_IDENTIFIER = com.avii.ProductList;
				PRODUCT_NAME = "$(TARGET_NAME)";
				SUPPORTED_PLATFORMS = "iphoneos iphonesimulator";
				SUPPORTS_MACCATALYST = NO;
				SUPPORTS_MAC_DESIGNED_FOR_IPHONE_IPAD = NO;
				SWIFT_EMIT_LOC_STRINGS = YES;
				SWIFT_VERSION = 5.0;
				TARGETED_DEVICE_FAMILY = "1,2";
			};
			name = Debug;
		};
		8616423C2AB5EB8E00F4F9AD /* Release */ = {
			isa = XCBuildConfiguration;
			buildSettings = {
				ASSETCATALOG_COMPILER_APPICON_NAME = AppIcon;
				ASSETCATALOG_COMPILER_GLOBAL_ACCENT_COLOR_NAME = AccentColor;
				CODE_SIGN_STYLE = Automatic;
				CURRENT_PROJECT_VERSION = 1;
				DEVELOPMENT_TEAM = 98GGD2LM74;
				GENERATE_INFOPLIST_FILE = YES;
				INFOPLIST_FILE = ProductList/Info.plist;
				INFOPLIST_KEY_UIApplicationSupportsIndirectInputEvents = YES;
				INFOPLIST_KEY_UILaunchStoryboardName = LaunchScreen;
				INFOPLIST_KEY_UIMainStoryboardFile = Main;
				INFOPLIST_KEY_UISupportedInterfaceOrientations_iPad = "UIInterfaceOrientationPortrait UIInterfaceOrientationPortraitUpsideDown UIInterfaceOrientationLandscapeLeft UIInterfaceOrientationLandscapeRight";
				INFOPLIST_KEY_UISupportedInterfaceOrientations_iPhone = "UIInterfaceOrientationPortrait UIInterfaceOrientationLandscapeLeft UIInterfaceOrientationLandscapeRight";
				LD_RUNPATH_SEARCH_PATHS = (
					"$(inherited)",
					"@executable_path/Frameworks",
				);
				MARKETING_VERSION = 1.0;
				PRODUCT_BUNDLE_IDENTIFIER = com.avii.ProductList;
				PRODUCT_NAME = "$(TARGET_NAME)";
				SUPPORTED_PLATFORMS = "iphoneos iphonesimulator";
				SUPPORTS_MACCATALYST = NO;
				SUPPORTS_MAC_DESIGNED_FOR_IPHONE_IPAD = NO;
				SWIFT_EMIT_LOC_STRINGS = YES;
				SWIFT_VERSION = 5.0;
				TARGETED_DEVICE_FAMILY = "1,2";
			};
			name = Release;
		};
/* End XCBuildConfiguration section */

/* Begin XCConfigurationList section */
		861642212AB5EB8D00F4F9AD /* Build configuration list for PBXProject "ProductList" */ = {
			isa = XCConfigurationList;
			buildConfigurations = (
				861642382AB5EB8E00F4F9AD /* Debug */,
				861642392AB5EB8E00F4F9AD /* Release */,
			);
			defaultConfigurationIsVisible = 0;
			defaultConfigurationName = Release;
		};
		8616423A2AB5EB8E00F4F9AD /* Build configuration list for PBXNativeTarget "ProductList" */ = {
			isa = XCConfigurationList;
			buildConfigurations = (
				8616423B2AB5EB8E00F4F9AD /* Debug */,
				8616423C2AB5EB8E00F4F9AD /* Release */,
			);
			defaultConfigurationIsVisible = 0;
			defaultConfigurationName = Release;
		};
/* End XCConfigurationList section */

/* Begin XCRemoteSwiftPackageReference section */
		861642572AB6297600F4F9AD /* XCRemoteSwiftPackageReference "Kingfisher" */ = {
			isa = XCRemoteSwiftPackageReference;
			repositoryURL = "https://github.com/onevcat/Kingfisher.git";
			requirement = {
				kind = upToNextMajorVersion;
				minimumVersion = 7.0.0;
			};
		};
/* End XCRemoteSwiftPackageReference section */

/* Begin XCSwiftPackageProductDependency section */
		861642582AB6297600F4F9AD /* Kingfisher */ = {
			isa = XCSwiftPackageProductDependency;
			package = 861642572AB6297600F4F9AD /* XCRemoteSwiftPackageReference "Kingfisher" */;
			productName = Kingfisher;
		};
/* End XCSwiftPackageProductDependency section */
	};
	rootObject = 8616421E2AB5EB8D00F4F9AD /* Project object */;
}
